
Microsoft Visual Studio Solution File, Format Version 12.00
# Visual Studio Version 17
VisualStudioVersion = 17.3.32819.101
MinimumVisualStudioVersion = 10.0.40219.1
Project("{FAE04EC0-301F-11D3-BF4B-00C04F79EFBC}") = "Asp.net Core MVC GestionMag", "Asp.net Core MVC GestionMag\Asp.net Core MVC GestionMag.csproj", "{ED8759DC-5164-473F-952F-B41DA4C57D9E}"
EndProject
Global
	GlobalSection(SolutionConfigurationPlatforms) = preSolution
		Debug|Any CPU = Debug|Any CPU
		Release|Any CPU = Release|Any CPU
	EndGlobalSection
	GlobalSection(ProjectConfigurationPlatforms) = postSolution
		{ED8759DC-5164-473F-952F-B41DA4C57D9E}.Debug|Any CPU.ActiveCfg = Debug|Any CPU
		{ED8759DC-5164-473F-952F-B41DA4C57D9E}.Debug|Any CPU.Build.0 = Debug|Any CPU
		{ED8759DC-5164-473F-952F-B41DA4C57D9E}.Release|Any CPU.ActiveCfg = Release|Any CPU
		{ED8759DC-5164-473F-952F-B41DA4C57D9E}.Release|Any CPU.Build.0 = Release|Any CPU
	EndGlobalSection
	GlobalSection(SolutionProperties) = preSolution
		HideSolutionNode = FALSE
	EndGlobalSection
	GlobalSection(ExtensibilityGlobals) = postSolution
		SolutionGuid = {3A997E04-D378-40A4-90D9-C260B5619445}
	EndGlobalSection
EndGlobal
